
Microsoft Visual Studio Solution File, Format Version 12.00
# Visual Studio Version 16
VisualStudioVersion = 16.0.30309.148
MinimumVisualStudioVersion = 10.0.40219.1
Project("{FAE04EC0-301F-11D3-BF4B-00C04F79EFBC}") = "Part 3 - Chapter Problem", "Part 3 - Chapter Problem.csproj", "{CE50038C-9C64-493E-8A40-11483FE1537F}"
EndProject
Global
	GlobalSection(SolutionConfigurationPlatforms) = preSolution
		Debug|Any CPU = Debug|Any CPU
		Release|Any CPU = Release|Any CPU
	EndGlobalSection
	GlobalSection(ProjectConfigurationPlatforms) = postSolution
		{CE50038C-9C64-493E-8A40-11483FE1537F}.Debug|Any CPU.ActiveCfg = Debug|Any CPU
		{CE50038C-9C64-493E-8A40-11483FE1537F}.Debug|Any CPU.Build.0 = Debug|Any CPU
		{CE50038C-9C64-493E-8A40-11483FE1537F}.Release|Any CPU.ActiveCfg = Release|Any CPU
		{CE50038C-9C64-493E-8A40-11483FE1537F}.Release|Any CPU.Build.0 = Release|Any CPU
	EndGlobalSection
	GlobalSection(SolutionProperties) = preSolution
		HideSolutionNode = FALSE
	EndGlobalSection
	GlobalSection(ExtensibilityGlobals) = postSolution
		SolutionGuid = {809C2B25-061E-4DE2-A9E6-902E716537ED}
	EndGlobalSection
EndGlobal
